
Microsoft Visual Studio Solution File, Format Version 12.00
# Visual Studio Version 17
VisualStudioVersion = 17.9.34701.34
MinimumVisualStudioVersion = 10.0.40219.1
Project("{FAE04EC0-301F-11D3-BF4B-00C04F79EFBC}") = "RB3DXBuildPkgPS3", "RB3DXBuildPkgPS3\RB3DXBuildPkgPS3.csproj", "{A167892C-949B-45D9-B656-742B4208CC8A}"
EndProject
Project("{9A19103F-16F7-4668-BE54-9A1E7A4F7556}") = "SCEllSharp", "SCEllSharp\SCEllSharp\SCEllSharp.csproj", "{4D1DC597-5039-4B6F-A06B-CE77C67794FC}"
EndProject
Global
	GlobalSection(SolutionConfigurationPlatforms) = preSolution
		Debug|Any CPU = Debug|Any CPU
		Release|Any CPU = Release|Any CPU
	EndGlobalSection
	GlobalSection(ProjectConfigurationPlatforms) = postSolution
		{A167892C-949B-45D9-B656-742B4208CC8A}.Debug|Any CPU.ActiveCfg = Debug|Any CPU
		{A167892C-949B-45D9-B656-742B4208CC8A}.Debug|Any CPU.Build.0 = Debug|Any CPU
		{A167892C-949B-45D9-B656-742B4208CC8A}.Release|Any CPU.ActiveCfg = Release|Any CPU
		{A167892C-949B-45D9-B656-742B4208CC8A}.Release|Any CPU.Build.0 = Release|Any CPU
		{4D1DC597-5039-4B6F-A06B-CE77C67794FC}.Debug|Any CPU.ActiveCfg = Debug|Any CPU
		{4D1DC597-5039-4B6F-A06B-CE77C67794FC}.Debug|Any CPU.Build.0 = Debug|Any CPU
		{4D1DC597-5039-4B6F-A06B-CE77C67794FC}.Release|Any CPU.ActiveCfg = Release|Any CPU
		{4D1DC597-5039-4B6F-A06B-CE77C67794FC}.Release|Any CPU.Build.0 = Release|Any CPU
	EndGlobalSection
	GlobalSection(SolutionProperties) = preSolution
		HideSolutionNode = FALSE
	EndGlobalSection
	GlobalSection(ExtensibilityGlobals) = postSolution
		SolutionGuid = {5A115C22-134D-4BCE-856B-21ED66B1DEDB}
	EndGlobalSection
EndGlobal
